{
  "nodes": {
    "flake-utils": {
      "locked": {
        "lastModified": 1631561581,
        "narHash": "sha256-3VQMV5zvxaVLvqqUrNz3iJelLw30mIVSfZmAaauM3dA=",
        "owner": "numtide",
        "repo": "flake-utils",
        "rev": "7e5bf3925f6fbdfaf50a2a7ca0be2879c4261d19",
        "type": "github"
      },
      "original": {
        "owner": "numtide",
        "repo": "flake-utils",
        "type": "github"
      }
    },
    "nixpkgs": {
      "locked": {
        "lastModified": 1633329294,
        "narHash": "sha256-0LpQLS4KMgxslMgmDHmxG/5twFlXDBW9z4Or1iOrCvU=",
        "owner": "NixOS",
        "repo": "nixpkgs",
        "rev": "ee084c02040e864eeeb4cf4f8538d92f7c675671",
        "type": "github"
      },
      "original": {
        "owner": "NixOS",
        "ref": "nixpkgs-unstable",
        "repo": "nixpkgs",
        "type": "github"
      }
    },
    "nixpkgs_2": {
      "locked": {
        "lastModified": 1633329294,
        "narHash": "sha256-0LpQLS4KMgxslMgmDHmxG/5twFlXDBW9z4Or1iOrCvU=",
        "owner": "NixOS",
        "repo": "nixpkgs",
        "rev": "ee084c02040e864eeeb4cf4f8538d92f7c675671",
        "type": "github"
      },
      "original": {
        "owner": "NixOS",
        "ref": "nixpkgs-unstable",
        "repo": "nixpkgs",
        "type": "github"
      }
    },
    "root": {
      "inputs": {
        "nixpkgs": "nixpkgs",
        "sepia": "sepia"
      }
    },
    "sepia": {
      "inputs": {
        "flake-utils": "flake-utils",
        "nixpkgs": "nixpkgs_2"
      },
      "locked": {
        "lastModified": 1634422290,
        "narHash": "sha256-f79OFqqSWn/OOPnizYlFT5UwNSt9IA66KvsTHIrSQa8=",
        "owner": "rishiosaur",
        "repo": "sepiago",
        "rev": "1baccd748c42d00b4cf210ff55bb2e02646be5e6",
        "type": "github"
      },
      "original": {
        "owner": "rishiosaur",
        "repo": "sepiago",
        "type": "github"
      }
    }
  },
  "root": "root",
  "version": 7
}
